
Microsoft Visual Studio Solution File, Format Version 12.00
# Visual Studio Version 16
VisualStudioVersion = 25.0.1704.5
MinimumVisualStudioVersion = 10.0.40219.1
Project("{FAE04EC0-301F-11D3-BF4B-00C04F79EFBC}") = "MP.ApiDotNet.Domain", "MP.ApiDotNet.Domain\MP.ApiDotNet.Domain.csproj", "{A1AE555D-A25E-4E84-9A83-819892F40338}"
EndProject
Project("{FAE04EC0-301F-11D3-BF4B-00C04F79EFBC}") = "MP.ApiDotNet.infra.Data", "MP.ApiDotNet.infra.Data\MP.ApiDotNet.infra.Data.csproj", "{A425258B-DEEE-464B-9FD9-3A65928A2A38}"
EndProject
Project("{FAE04EC0-301F-11D3-BF4B-00C04F79EFBC}") = "MP.ApiDotNet.Application", "MP.ApiDotNet.Application\MP.ApiDotNet.Application.csproj", "{5489AB97-0A7D-4D35-84A1-515CD11A40E6}"
EndProject
Project("{FAE04EC0-301F-11D3-BF4B-00C04F79EFBC}") = "MP.ApiDotNet.Infra.IoC", "MP.ApiDotNet.Infra.IoC\MP.ApiDotNet.Infra.IoC.csproj", "{14EB7C0B-9BED-40E9-ADF5-E957F56C1273}"
EndProject
Project("{FAE04EC0-301F-11D3-BF4B-00C04F79EFBC}") = "MP.ApiDotNet.Api", "MP.ApiDotNet.Api\MP.ApiDotNet.Api.csproj", "{75BA07D4-6A2B-4CAD-BC0F-B3D71D21BAF0}"
EndProject
Global
	GlobalSection(SolutionConfigurationPlatforms) = preSolution
		Debug|Any CPU = Debug|Any CPU
		Release|Any CPU = Release|Any CPU
	EndGlobalSection
	GlobalSection(ProjectConfigurationPlatforms) = postSolution
		{A1AE555D-A25E-4E84-9A83-819892F40338}.Debug|Any CPU.ActiveCfg = Debug|Any CPU
		{A1AE555D-A25E-4E84-9A83-819892F40338}.Debug|Any CPU.Build.0 = Debug|Any CPU
		{A1AE555D-A25E-4E84-9A83-819892F40338}.Release|Any CPU.ActiveCfg = Release|Any CPU
		{A1AE555D-A25E-4E84-9A83-819892F40338}.Release|Any CPU.Build.0 = Release|Any CPU
		{A425258B-DEEE-464B-9FD9-3A65928A2A38}.Debug|Any CPU.ActiveCfg = Debug|Any CPU
		{A425258B-DEEE-464B-9FD9-3A65928A2A38}.Debug|Any CPU.Build.0 = Debug|Any CPU
		{A425258B-DEEE-464B-9FD9-3A65928A2A38}.Release|Any CPU.ActiveCfg = Release|Any CPU
		{A425258B-DEEE-464B-9FD9-3A65928A2A38}.Release|Any CPU.Build.0 = Release|Any CPU
		{5489AB97-0A7D-4D35-84A1-515CD11A40E6}.Debug|Any CPU.ActiveCfg = Debug|Any CPU
		{5489AB97-0A7D-4D35-84A1-515CD11A40E6}.Debug|Any CPU.Build.0 = Debug|Any CPU
		{5489AB97-0A7D-4D35-84A1-515CD11A40E6}.Release|Any CPU.ActiveCfg = Release|Any CPU
		{5489AB97-0A7D-4D35-84A1-515CD11A40E6}.Release|Any CPU.Build.0 = Release|Any CPU
		{14EB7C0B-9BED-40E9-ADF5-E957F56C1273}.Debug|Any CPU.ActiveCfg = Debug|Any CPU
		{14EB7C0B-9BED-40E9-ADF5-E957F56C1273}.Debug|Any CPU.Build.0 = Debug|Any CPU
		{14EB7C0B-9BED-40E9-ADF5-E957F56C1273}.Release|Any CPU.ActiveCfg = Release|Any CPU
		{14EB7C0B-9BED-40E9-ADF5-E957F56C1273}.Release|Any CPU.Build.0 = Release|Any CPU
		{75BA07D4-6A2B-4CAD-BC0F-B3D71D21BAF0}.Debug|Any CPU.ActiveCfg = Debug|Any CPU
		{75BA07D4-6A2B-4CAD-BC0F-B3D71D21BAF0}.Debug|Any CPU.Build.0 = Debug|Any CPU
		{75BA07D4-6A2B-4CAD-BC0F-B3D71D21BAF0}.Release|Any CPU.ActiveCfg = Release|Any CPU
		{75BA07D4-6A2B-4CAD-BC0F-B3D71D21BAF0}.Release|Any CPU.Build.0 = Release|Any CPU
	EndGlobalSection
	GlobalSection(SolutionProperties) = preSolution
		HideSolutionNode = FALSE
	EndGlobalSection
	GlobalSection(ExtensibilityGlobals) = postSolution
		SolutionGuid = {8933EFEC-10E8-44FF-8770-EA0F7EFCBA41}
	EndGlobalSection
EndGlobal
